
Microsoft Visual Studio Solution File, Format Version 12.00
# Visual Studio Version 16
VisualStudioVersion = 16.0.31702.278
MinimumVisualStudioVersion = 10.0.40219.1
Project("{FAE04EC0-301F-11D3-BF4B-00C04F79EFBC}") = "ListDevicesTry", "ListDevicesTry\ListDevicesTry.csproj", "{32D171AE-2FCD-4CDB-992A-5B374ADF53F4}"
EndProject
Global
	GlobalSection(SolutionConfigurationPlatforms) = preSolution
		Debug|Any CPU = Debug|Any CPU
		Release|Any CPU = Release|Any CPU
	EndGlobalSection
	GlobalSection(ProjectConfigurationPlatforms) = postSolution
		{32D171AE-2FCD-4CDB-992A-5B374ADF53F4}.Debug|Any CPU.ActiveCfg = Debug|Any CPU
		{32D171AE-2FCD-4CDB-992A-5B374ADF53F4}.Debug|Any CPU.Build.0 = Debug|Any CPU
		{32D171AE-2FCD-4CDB-992A-5B374ADF53F4}.Release|Any CPU.ActiveCfg = Release|Any CPU
		{32D171AE-2FCD-4CDB-992A-5B374ADF53F4}.Release|Any CPU.Build.0 = Release|Any CPU
	EndGlobalSection
	GlobalSection(SolutionProperties) = preSolution
		HideSolutionNode = FALSE
	EndGlobalSection
	GlobalSection(ExtensibilityGlobals) = postSolution
		SolutionGuid = {521E294F-03D8-46BE-A511-85BC2824BC44}
	EndGlobalSection
EndGlobal
